
Microsoft Visual Studio Solution File, Format Version 12.00
# Visual Studio Version 17
VisualStudioVersion = 17.2.32616.157
MinimumVisualStudioVersion = 10.0.40219.1
Project("{FAE04EC0-301F-11D3-BF4B-00C04F79EFBC}") = "3", "3.csproj", "{F42A1EFE-F353-47A2-AFC8-D72F52817B76}"
EndProject
Global
	GlobalSection(SolutionConfigurationPlatforms) = preSolution
		Debug|Any CPU = Debug|Any CPU
		Release|Any CPU = Release|Any CPU
	EndGlobalSection
	GlobalSection(ProjectConfigurationPlatforms) = postSolution
		{F42A1EFE-F353-47A2-AFC8-D72F52817B76}.Debug|Any CPU.ActiveCfg = Debug|Any CPU
		{F42A1EFE-F353-47A2-AFC8-D72F52817B76}.Debug|Any CPU.Build.0 = Debug|Any CPU
		{F42A1EFE-F353-47A2-AFC8-D72F52817B76}.Release|Any CPU.ActiveCfg = Release|Any CPU
		{F42A1EFE-F353-47A2-AFC8-D72F52817B76}.Release|Any CPU.Build.0 = Release|Any CPU
	EndGlobalSection
	GlobalSection(SolutionProperties) = preSolution
		HideSolutionNode = FALSE
	EndGlobalSection
	GlobalSection(ExtensibilityGlobals) = postSolution
		SolutionGuid = {92898795-3CF7-4FB0-92F2-FCA579FB6084}
	EndGlobalSection
EndGlobal
