
Microsoft Visual Studio Solution File, Format Version 12.00
# Visual Studio Version 17
VisualStudioVersion = 17.2.32616.157
MinimumVisualStudioVersion = 10.0.40219.1
Project("{FAE04EC0-301F-11D3-BF4B-00C04F79EFBC}") = "1", "1.csproj", "{F85F5169-88C3-444C-BF52-3C648DA86F1E}"
EndProject
Global
	GlobalSection(SolutionConfigurationPlatforms) = preSolution
		Debug|Any CPU = Debug|Any CPU
		Release|Any CPU = Release|Any CPU
	EndGlobalSection
	GlobalSection(ProjectConfigurationPlatforms) = postSolution
		{F85F5169-88C3-444C-BF52-3C648DA86F1E}.Debug|Any CPU.ActiveCfg = Debug|Any CPU
		{F85F5169-88C3-444C-BF52-3C648DA86F1E}.Debug|Any CPU.Build.0 = Debug|Any CPU
		{F85F5169-88C3-444C-BF52-3C648DA86F1E}.Release|Any CPU.ActiveCfg = Release|Any CPU
		{F85F5169-88C3-444C-BF52-3C648DA86F1E}.Release|Any CPU.Build.0 = Release|Any CPU
	EndGlobalSection
	GlobalSection(SolutionProperties) = preSolution
		HideSolutionNode = FALSE
	EndGlobalSection
	GlobalSection(ExtensibilityGlobals) = postSolution
		SolutionGuid = {984A5D4E-4175-4A68-A7FF-DF9218DD7BB5}
	EndGlobalSection
EndGlobal
